
Microsoft Visual Studio Solution File, Format Version 9.00
# Visual Studio 2005
Project("{8BC9CEB8-8B4A-11D0-8D11-00A0C91BC942}") = "cudaArray", "CUDA\cudaArray.vcproj", "{785F1669-392C-42CE-AD8A-2ECA2A1E9F9A}"
EndProject
Project("{8BC9CEB8-8B4A-11D0-8D11-00A0C91BC942}") = "linearMemory", "CUDA\linearMemory.vcproj", "{0AFD4211-17F4-4AD2-86E1-92D11A39FEF0}"
EndProject
Global
	GlobalSection(SolutionConfigurationPlatforms) = preSolution
		Debug|Win32 = Debug|Win32
		Debug|x64 = Debug|x64
		EmuDebug|Win32 = EmuDebug|Win32
		EmuDebug|x64 = EmuDebug|x64
		EmuRelease|Win32 = EmuRelease|Win32
		EmuRelease|x64 = EmuRelease|x64
		Release|Win32 = Release|Win32
		Release|x64 = Release|x64
	EndGlobalSection
	GlobalSection(ProjectConfigurationPlatforms) = postSolution
		{785F1669-392C-42CE-AD8A-2ECA2A1E9F9A}.Debug|Win32.ActiveCfg = Debug|Win32
		{785F1669-392C-42CE-AD8A-2ECA2A1E9F9A}.Debug|Win32.Build.0 = Debug|Win32
		{785F1669-392C-42CE-AD8A-2ECA2A1E9F9A}.Debug|x64.ActiveCfg = Debug|x64
		{785F1669-392C-42CE-AD8A-2ECA2A1E9F9A}.Debug|x64.Build.0 = Debug|x64
		{785F1669-392C-42CE-AD8A-2ECA2A1E9F9A}.EmuDebug|Win32.ActiveCfg = EmuDebug|Win32
		{785F1669-392C-42CE-AD8A-2ECA2A1E9F9A}.EmuDebug|Win32.Build.0 = EmuDebug|Win32
		{785F1669-392C-42CE-AD8A-2ECA2A1E9F9A}.EmuDebug|x64.ActiveCfg = EmuDebug|x64
		{785F1669-392C-42CE-AD8A-2ECA2A1E9F9A}.EmuDebug|x64.Build.0 = EmuDebug|x64
		{785F1669-392C-42CE-AD8A-2ECA2A1E9F9A}.EmuRelease|Win32.ActiveCfg = EmuRelease|Win32
		{785F1669-392C-42CE-AD8A-2ECA2A1E9F9A}.EmuRelease|Win32.Build.0 = EmuRelease|Win32
		{785F1669-392C-42CE-AD8A-2ECA2A1E9F9A}.EmuRelease|x64.ActiveCfg = EmuRelease|x64
		{785F1669-392C-42CE-AD8A-2ECA2A1E9F9A}.EmuRelease|x64.Build.0 = EmuRelease|x64
		{785F1669-392C-42CE-AD8A-2ECA2A1E9F9A}.Release|Win32.ActiveCfg = Release|Win32
		{785F1669-392C-42CE-AD8A-2ECA2A1E9F9A}.Release|Win32.Build.0 = Release|Win32
		{785F1669-392C-42CE-AD8A-2ECA2A1E9F9A}.Release|x64.ActiveCfg = Release|x64
		{785F1669-392C-42CE-AD8A-2ECA2A1E9F9A}.Release|x64.Build.0 = Release|x64
		{0AFD4211-17F4-4AD2-86E1-92D11A39FEF0}.Debug|Win32.ActiveCfg = Debug|Win32
		{0AFD4211-17F4-4AD2-86E1-92D11A39FEF0}.Debug|Win32.Build.0 = Debug|Win32
		{0AFD4211-17F4-4AD2-86E1-92D11A39FEF0}.Debug|x64.ActiveCfg = Debug|x64
		{0AFD4211-17F4-4AD2-86E1-92D11A39FEF0}.Debug|x64.Build.0 = Debug|x64
		{0AFD4211-17F4-4AD2-86E1-92D11A39FEF0}.EmuDebug|Win32.ActiveCfg = EmuDebug|Win32
		{0AFD4211-17F4-4AD2-86E1-92D11A39FEF0}.EmuDebug|Win32.Build.0 = EmuDebug|Win32
		{0AFD4211-17F4-4AD2-86E1-92D11A39FEF0}.EmuDebug|x64.ActiveCfg = EmuDebug|x64
		{0AFD4211-17F4-4AD2-86E1-92D11A39FEF0}.EmuDebug|x64.Build.0 = EmuDebug|x64
		{0AFD4211-17F4-4AD2-86E1-92D11A39FEF0}.EmuRelease|Win32.ActiveCfg = EmuRelease|Win32
		{0AFD4211-17F4-4AD2-86E1-92D11A39FEF0}.EmuRelease|Win32.Build.0 = EmuRelease|Win32
		{0AFD4211-17F4-4AD2-86E1-92D11A39FEF0}.EmuRelease|x64.ActiveCfg = EmuRelease|x64
		{0AFD4211-17F4-4AD2-86E1-92D11A39FEF0}.EmuRelease|x64.Build.0 = EmuRelease|x64
		{0AFD4211-17F4-4AD2-86E1-92D11A39FEF0}.Release|Win32.ActiveCfg = Release|Win32
		{0AFD4211-17F4-4AD2-86E1-92D11A39FEF0}.Release|Win32.Build.0 = Release|Win32
		{0AFD4211-17F4-4AD2-86E1-92D11A39FEF0}.Release|x64.ActiveCfg = Release|x64
		{0AFD4211-17F4-4AD2-86E1-92D11A39FEF0}.Release|x64.Build.0 = Release|x64
	EndGlobalSection
	GlobalSection(SolutionProperties) = preSolution
		HideSolutionNode = FALSE
	EndGlobalSection
EndGlobal
